
Microsoft Visual Studio Solution File, Format Version 12.00
# Visual Studio Version 16
VisualStudioVersion = 16.0.29324.140
MinimumVisualStudioVersion = 10.0.40219.1
Project("{FAE04EC0-301F-11D3-BF4B-00C04F79EFBC}") = "Chen_Stopwatch", "Chen_Stopwatch\Chen_Stopwatch.csproj", "{A13E400D-8C18-493A-B4F3-9159D6D27419}"
EndProject
Global
	GlobalSection(SolutionConfigurationPlatforms) = preSolution
		Debug|Any CPU = Debug|Any CPU
		Release|Any CPU = Release|Any CPU
	EndGlobalSection
	GlobalSection(ProjectConfigurationPlatforms) = postSolution
		{A13E400D-8C18-493A-B4F3-9159D6D27419}.Debug|Any CPU.ActiveCfg = Debug|Any CPU
		{A13E400D-8C18-493A-B4F3-9159D6D27419}.Debug|Any CPU.Build.0 = Debug|Any CPU
		{A13E400D-8C18-493A-B4F3-9159D6D27419}.Debug|Any CPU.Deploy.0 = Debug|Any CPU
		{A13E400D-8C18-493A-B4F3-9159D6D27419}.Release|Any CPU.ActiveCfg = Release|Any CPU
		{A13E400D-8C18-493A-B4F3-9159D6D27419}.Release|Any CPU.Build.0 = Release|Any CPU
		{A13E400D-8C18-493A-B4F3-9159D6D27419}.Release|Any CPU.Deploy.0 = Release|Any CPU
	EndGlobalSection
	GlobalSection(SolutionProperties) = preSolution
		HideSolutionNode = FALSE
	EndGlobalSection
	GlobalSection(ExtensibilityGlobals) = postSolution
		SolutionGuid = {A5403FC1-87EB-4359-9B22-3F2A545351AB}
	EndGlobalSection
EndGlobal
